// !$*UTF8*$!
{
	archiveVersion = 1;
	classes = {
	};
	objectVersion = 46;
	objects = {

/* Begin PBXBuildFile section */
		12C735041CE4A42E008977CC /* main.m in Sources */ = {isa = PBXBuildFile; fileRef = 12C735031CE4A42E008977CC /* main.m */; };
		12C735071CE4A42E008977CC /* AppDelegate.m in Sources */ = {isa = PBXBuildFile; fileRef = 12C735061CE4A42E008977CC /* AppDelegate.m */; };
		12C7350A1CE4A42E008977CC /* ViewController.m in Sources */ = {isa = PBXBuildFile; fileRef = 12C735091CE4A42E008977CC /* ViewController.m */; };
		12C7350D1CE4A42E008977CC /* Main.storyboard in Resources */ = {isa = PBXBuildFile; fileRef = 12C7350B1CE4A42E008977CC /* Main.storyboard */; };
		12C7350F1CE4A42E008977CC /* Assets.xcassets in Resources */ = {isa = PBXBuildFile; fileRef = 12C7350E1CE4A42E008977CC /* Assets.xcassets */; };
		12C735121CE4A42E008977CC /* LaunchScreen.storyboard in Resources */ = {isa = PBXBuildFile; fileRef = 12C735101CE4A42E008977CC /* LaunchScreen.storyboard */; };
		12C7351D1CE4A42E008977CC /* gitTest2Tests.m in Sources */ = {isa = PBXBuildFile; fileRef = 12C7351C1CE4A42E008977CC /* gitTest2Tests.m */; };
		12C735281CE4A42E008977CC /* gitTest2UITests.m in Sources */ = {isa = PBXBuildFile; fileRef = 12C735271CE4A42E008977CC /* gitTest2UITests.m */; };
/* End PBXBuildFile section */

/* Begin PBXContainerItemProxy section */
		12C735191CE4A42E008977CC /* PBXContainerItemProxy */ = {
			isa = PBXContainerItemProxy;
			containerPortal = 12C734F71CE4A42E008977CC /* Project object */;
			proxyType = 1;
			remoteGlobalIDString = 12C734FE1CE4A42E008977CC;
			remoteInfo = gitTest2;
		};
		12C735241CE4A42E008977CC /* PBXContainerItemProxy */ = {
			isa = PBXContainerItemProxy;
			containerPortal = 12C734F71CE4A42E008977CC /* Project object */;
			proxyType = 1;
			remoteGlobalIDString = 12C734FE1CE4A42E008977CC;
			remoteInfo = gitTest2;
		};
/* End PBXContainerItemProxy section */

/* Begin PBXFileReference section */
		12C734FF1CE4A42E008977CC /* gitTest2.app */ = {isa = PBXFileReference; explicitFileType = wrapper.application; includeInIndex = 0; path = gitTest2.app; sourceTree = BUILT_PRODUCTS_DIR; };
		12C735031CE4A42E008977CC /* main.m */ = {isa = PBXFileReference; lastKnownFileType = sourcecode.c.objc; path = main.m; sourceTree = "<group>"; };
		12C735051CE4A42E008977CC /* AppDelegate.h */ = {isa = PBXFileReference; lastKnownFileType = sourcecode.c.h; path = AppDelegate.h; sourceTree = "<group>"; };
		12C735061CE4A42E008977CC /* AppDelegate.m */ = {isa = PBXFileReference; lastKnownFileType = sourcecode.c.objc; path = AppDelegate.m; sourceTree = "<group>"; };
		12C735081CE4A42E008977CC /* ViewController.h */ = {isa = PBXFileReference; lastKnownFileType = sourcecode.c.h; path = ViewController.h; sourceTree = "<group>"; };
		12C735091CE4A42E008977CC /* ViewController.m */ = {isa = PBXFileReference; lastKnownFileType = sourcecode.c.objc; path = ViewController.m; sourceTree = "<group>"; };
		12C7350C1CE4A42E008977CC /* Base */ = {isa = PBXFileReference; lastKnownFileType = file.storyboard; name = Base; path = Base.lproj/Main.storyboard; sourceTree = "<group>"; };
		12C7350E1CE4A42E008977CC /* Assets.xcassets */ = {isa = PBXFileReference; lastKnownFileType = folder.assetcatalog; path = Assets.xcassets; sourceTree = "<group>"; };
		12C735111CE4A42E008977CC /* Base */ = {isa = PBXFileReference; lastKnownFileType = file.storyboard; name = Base; path = Base.lproj/LaunchScreen.storyboard; sourceTree = "<group>"; };
		12C735131CE4A42E008977CC /* Info.plist */ = {isa = PBXFileReference; lastKnownFileType = text.plist.xml; path = Info.plist; sourceTree = "<group>"; };
		12C735181CE4A42E008977CC /* gitTest2Tests.xctest */ = {isa = PBXFileReference; explicitFileType = wrapper.cfbundle; includeInIndex = 0; path = gitTest2Tests.xctest; sourceTree = BUILT_PRODUCTS_DIR; };
		12C7351C1CE4A42E008977CC /* gitTest2Tests.m */ = {isa = PBXFileReference; lastKnownFileType = sourcecode.c.objc; path = gitTest2Tests.m; sourceTree = "<group>"; };
		12C7351E1CE4A42E008977CC /* Info.plist */ = {isa = PBXFileReference; lastKnownFileType = text.plist.xml; path = Info.plist; sourceTree = "<group>"; };
		12C735231CE4A42E008977CC /* gitTest2UITests.xctest */ = {isa = PBXFileReference; explicitFileType = wrapper.cfbundle; includeInIndex = 0; path = gitTest2UITests.xctest; sourceTree = BUILT_PRODUCTS_DIR; };
		12C735271CE4A42E008977CC /* gitTest2UITests.m */ = {isa = PBXFileReference; lastKnownFileType = sourcecode.c.objc; path = gitTest2UITests.m; sourceTree = "<group>"; };
		12C735291CE4A42E008977CC /* Info.plist */ = {isa = PBXFileReference; lastKnownFileType = text.plist.xml; path = Info.plist; sourceTree = "<group>"; };
/* End PBXFileReference section */

/* Begin PBXFrameworksBuildPhase section */
		12C734FC1CE4A42E008977CC /* Frameworks */ = {
			isa = PBXFrameworksBuildPhase;
			buildActionMask = 2147483647;
			files = (
			);
			runOnlyForDeploymentPostprocessing = 0;
		};
		12C735151CE4A42E008977CC /* Frameworks */ = {
			isa = PBXFrameworksBuildPhase;
			buildActionMask = 2147483647;
			files = (
			);
			runOnlyForDeploymentPostprocessing = 0;
		};
		12C735201CE4A42E008977CC /* Frameworks */ = {
			isa = PBXFrameworksBuildPhase;
			buildActionMask = 2147483647;
			files = (
			);
			runOnlyForDeploymentPostprocessing = 0;
		};
/* End PBXFrameworksBuildPhase section */

/* Begin PBXGroup section */
		12C734F61CE4A42E008977CC = {
			isa = PBXGroup;
			children = (
				12C735011CE4A42E008977CC /* gitTest2 */,
				12C7351B1CE4A42E008977CC /* gitTest2Tests */,
				12C735261CE4A42E008977CC /* gitTest2UITests */,
				12C735001CE4A42E008977CC /* Products */,
			);
			sourceTree = "<group>";
		};
		12C735001CE4A42E008977CC /* Products */ = {
			isa = PBXGroup;
			children = (
				12C734FF1CE4A42E008977CC /* gitTest2.app */,
				12C735181CE4A42E008977CC /* gitTest2Tests.xctest */,
				12C735231CE4A42E008977CC /* gitTest2UITests.xctest */,
			);
			name = Products;
			sourceTree = "<group>";
		};
		12C735011CE4A42E008977CC /* gitTest2 */ = {
			isa = PBXGroup;
			children = (
				12C735051CE4A42E008977CC /* AppDelegate.h */,
				12C735061CE4A42E008977CC /* AppDelegate.m */,
				12C735081CE4A42E008977CC /* ViewController.h */,
				12C735091CE4A42E008977CC /* ViewController.m */,
				12C7350B1CE4A42E008977CC /* Main.storyboard */,
				12C7350E1CE4A42E008977CC /* Assets.xcassets */,
				12C735101CE4A42E008977CC /* LaunchScreen.storyboard */,
				12C735131CE4A42E008977CC /* Info.plist */,
				12C735021CE4A42E008977CC /* Supporting Files */,
			);
			path = gitTest2;
			sourceTree = "<group>";
		};
		12C735021CE4A42E008977CC /* Supporting Files */ = {
			isa = PBXGroup;
			children = (
				12C735031CE4A42E008977CC /* main.m */,
			);
			name = "Supporting Files";
			sourceTree = "<group>";
		};
		12C7351B1CE4A42E008977CC /* gitTest2Tests */ = {
			isa = PBXGroup;
			children = (
				12C7351C1CE4A42E008977CC /* gitTest2Tests.m */,
				12C7351E1CE4A42E008977CC /* Info.plist */,
			);
			path = gitTest2Tests;
			sourceTree = "<group>";
		};
		12C735261CE4A42E008977CC /* gitTest2UITests */ = {
			isa = PBXGroup;
			children = (
				12C735271CE4A42E008977CC /* gitTest2UITests.m */,
				12C735291CE4A42E008977CC /* Info.plist */,
			);
			path = gitTest2UITests;
			sourceTree = "<group>";
		};
/* End PBXGroup section */

/* Begin PBXNativeTarget section */
		12C734FE1CE4A42E008977CC /* gitTest2 */ = {
			isa = PBXNativeTarget;
			buildConfigurationList = 12C7352C1CE4A42E008977CC /* Build configuration list for PBXNativeTarget "gitTest2" */;
			buildPhases = (
				12C734FB1CE4A42E008977CC /* Sources */,
				12C734FC1CE4A42E008977CC /* Frameworks */,
				12C734FD1CE4A42E008977CC /* Resources */,
			);
			buildRules = (
			);
			dependencies = (
			);
			name = gitTest2;
			productName = gitTest2;
			productReference = 12C734FF1CE4A42E008977CC /* gitTest2.app */;
			productType = "com.apple.product-type.application";
		};
		12C735171CE4A42E008977CC /* gitTest2Tests */ = {
			isa = PBXNativeTarget;
			buildConfigurationList = 12C7352F1CE4A42E008977CC /* Build configuration list for PBXNativeTarget "gitTest2Tests" */;
			buildPhases = (
				12C735141CE4A42E008977CC /* Sources */,
				12C735151CE4A42E008977CC /* Frameworks */,
				12C735161CE4A42E008977CC /* Resources */,
			);
			buildRules = (
			);
			dependencies = (
				12C7351A1CE4A42E008977CC /* PBXTargetDependency */,
			);
			name = gitTest2Tests;
			productName = gitTest2Tests;
			productReference = 12C735181CE4A42E008977CC /* gitTest2Tests.xctest */;
			productType = "com.apple.product-type.bundle.unit-test";
		};
		12C735221CE4A42E008977CC /* gitTest2UITests */ = {
			isa = PBXNativeTarget;
			buildConfigurationList = 12C735321CE4A42E008977CC /* Build configuration list for PBXNativeTarget "gitTest2UITests" */;
			buildPhases = (
				12C7351F1CE4A42E008977CC /* Sources */,
				12C735201CE4A42E008977CC /* Frameworks */,
				12C735211CE4A42E008977CC /* Resources */,
			);
			buildRules = (
			);
			dependencies = (
				12C735251CE4A42E008977CC /* PBXTargetDependency */,
			);
			name = gitTest2UITests;
			productName = gitTest2UITests;
			productReference = 12C735231CE4A42E008977CC /* gitTest2UITests.xctest */;
			productType = "com.apple.product-type.bundle.ui-testing";
		};
/* End PBXNativeTarget section */

/* Begin PBXProject section */
		12C734F71CE4A42E008977CC /* Project object */ = {
			isa = PBXProject;
			attributes = {
				LastUpgradeCheck = 0730;
				ORGANIZATIONNAME = SL;
				TargetAttributes = {
					12C734FE1CE4A42E008977CC = {
						CreatedOnToolsVersion = 7.3.1;
						DevelopmentTeam = Y65ZL36972;
					};
					12C735171CE4A42E008977CC = {
						CreatedOnToolsVersion = 7.3.1;
						DevelopmentTeam = Y65ZL36972;
						TestTargetID = 12C734FE1CE4A42E008977CC;
					};
					12C735221CE4A42E008977CC = {
						CreatedOnToolsVersion = 7.3.1;
						DevelopmentTeam = Y65ZL36972;
						TestTargetID = 12C734FE1CE4A42E008977CC;
					};
				};
			};
			buildConfigurationList = 12C734FA1CE4A42E008977CC /* Build configuration list for PBXProject "gitTest2" */;
			compatibilityVersion = "Xcode 3.2";
			developmentRegion = English;
			hasScannedForEncodings = 0;
			knownRegions = (
				en,
				Base,
			);
			mainGroup = 12C734F61CE4A42E008977CC;
			productRefGroup = 12C735001CE4A42E008977CC /* Products */;
			projectDirPath = "";
			projectRoot = "";
			targets = (
				12C734FE1CE4A42E008977CC /* gitTest2 */,
				12C735171CE4A42E008977CC /* gitTest2Tests */,
				12C735221CE4A42E008977CC /* gitTest2UITests */,
			);
		};
/* End PBXProject section */

/* Begin PBXResourcesBuildPhase section */
		12C734FD1CE4A42E008977CC /* Resources */ = {
			isa = PBXResourcesBuildPhase;
			buildActionMask = 2147483647;
			files = (
				12C735121CE4A42E008977CC /* LaunchScreen.storyboard in Resources */,
				12C7350F1CE4A42E008977CC /* Assets.xcassets in Resources */,
				12C7350D1CE4A42E008977CC /* Main.storyboard in Resources */,
			);
			runOnlyForDeploymentPostprocessing = 0;
		};
		12C735161CE4A42E008977CC /* Resources */ = {
			isa = PBXResourcesBuildPhase;
			buildActionMask = 2147483647;
			files = (
			);
			runOnlyForDeploymentPostprocessing = 0;
		};
		12C735211CE4A42E008977CC /* Resources */ = {
			isa = PBXResourcesBuildPhase;
			buildActionMask = 2147483647;
			files = (
			);
			runOnlyForDeploymentPostprocessing = 0;
		};
/* End PBXResourcesBuildPhase section */

/* Begin PBXSourcesBuildPhase section */
		12C734FB1CE4A42E008977CC /* Sources */ = {
			isa = PBXSourcesBuildPhase;
			buildActionMask = 2147483647;
			files = (
				12C7350A1CE4A42E008977CC /* ViewController.m in Sources */,
				12C735071CE4A42E008977CC /* AppDelegate.m in Sources */,
				12C735041CE4A42E008977CC /* main.m in Sources */,
			);
			runOnlyForDeploymentPostprocessing = 0;
		};
		12C735141CE4A42E008977CC /* Sources */ = {
			isa = PBXSourcesBuildPhase;
			buildActionMask = 2147483647;
			files = (
				12C7351D1CE4A42E008977CC /* gitTest2Tests.m in Sources */,
			);
			runOnlyForDeploymentPostprocessing = 0;
		};
		12C7351F1CE4A42E008977CC /* Sources */ = {
			isa = PBXSourcesBuildPhase;
			buildActionMask = 2147483647;
			files = (
				12C735281CE4A42E008977CC /* gitTest2UITests.m in Sources */,
			);
			runOnlyForDeploymentPostprocessing = 0;
		};
/* End PBXSourcesBuildPhase section */

/* Begin PBXTargetDependency section */
		12C7351A1CE4A42E008977CC /* PBXTargetDependency */ = {
			isa = PBXTargetDependency;
			target = 12C734FE1CE4A42E008977CC /* gitTest2 */;
			targetProxy = 12C735191CE4A42E008977CC /* PBXContainerItemProxy */;
		};
		12C735251CE4A42E008977CC /* PBXTargetDependency */ = {
			isa = PBXTargetDependency;
			target = 12C734FE1CE4A42E008977CC /* gitTest2 */;
			targetProxy = 12C735241CE4A42E008977CC /* PBXContainerItemProxy */;
		};
/* End PBXTargetDependency section */

/* Begin PBXVariantGroup section */
		12C7350B1CE4A42E008977CC /* Main.storyboard */ = {
			isa = PBXVariantGroup;
			children = (
				12C7350C1CE4A42E008977CC /* Base */,
			);
			name = Main.storyboard;
			sourceTree = "<group>";
		};
		12C735101CE4A42E008977CC /* LaunchScreen.storyboard */ = {
			isa = PBXVariantGroup;
			children = (
				12C735111CE4A42E008977CC /* Base */,
			);
			name = LaunchScreen.storyboard;
			sourceTree = "<group>";
		};
/* End PBXVariantGroup section */

/* Begin XCBuildConfiguration section */
		12C7352A1CE4A42E008977CC /* Debug */ = {
			isa = XCBuildConfiguration;
			buildSettings = {
				ALWAYS_SEARCH_USER_PATHS = NO;
				CLANG_ANALYZER_NONNULL = YES;
				CLANG_CXX_LANGUAGE_STANDARD = "gnu++0x";
				CLANG_CXX_LIBRARY = "libc++";
				CLANG_ENABLE_MODULES = YES;
				CLANG_ENABLE_OBJC_ARC = YES;
				CLANG_WARN_BOOL_CONVERSION = YES;
				CLANG_WARN_CONSTANT_CONVERSION = YES;
				CLANG_WARN_DIRECT_OBJC_ISA_USAGE = YES_ERROR;
				CLANG_WARN_EMPTY_BODY = YES;
				CLANG_WARN_ENUM_CONVERSION = YES;
				CLANG_WARN_INT_CONVERSION = YES;
				CLANG_WARN_OBJC_ROOT_CLASS = YES_ERROR;
				CLANG_WARN_UNREACHABLE_CODE = YES;
				CLANG_WARN__DUPLICATE_METHOD_MATCH = YES;
				"CODE_SIGN_IDENTITY[sdk=iphoneos*]" = "iPhone Developer";
				COPY_PHASE_STRIP = NO;
				DEBUG_INFORMATION_FORMAT = dwarf;
				ENABLE_STRICT_OBJC_MSGSEND = YES;
				ENABLE_TESTABILITY = YES;
				GCC_C_LANGUAGE_STANDARD = gnu99;
				GCC_DYNAMIC_NO_PIC = NO;
				GCC_NO_COMMON_BLOCKS = YES;
				GCC_OPTIMIZATION_LEVEL = 0;
				GCC_PREPROCESSOR_DEFINITIONS = (
					"DEBUG=1",
					"$(inherited)",
				);
				GCC_WARN_64_TO_32_BIT_CONVERSION = YES;
				GCC_WARN_ABOUT_RETURN_TYPE = YES_ERROR;
				GCC_WARN_UNDECLARED_SELECTOR = YES;
				GCC_WARN_UNINITIALIZED_AUTOS = YES_AGGRESSIVE;
				GCC_WARN_UNUSED_FUNCTION = YES;
				GCC_WARN_UNUSED_VARIABLE = YES;
				IPHONEOS_DEPLOYMENT_TARGET = 9.3;
				MTL_ENABLE_DEBUG_INFO = YES;
				ONLY_ACTIVE_ARCH = YES;
				SDKROOT = iphoneos;
			};
			name = Debug;
		};
		12C7352B1CE4A42E008977CC /* Release */ = {
			isa = XCBuildConfiguration;
			buildSettings = {
				ALWAYS_SEARCH_USER_PATHS = NO;
				CLANG_ANALYZER_NONNULL = YES;
				CLANG_CXX_LANGUAGE_STANDARD = "gnu++0x";
				CLANG_CXX_LIBRARY = "libc++";
				CLANG_ENABLE_MODULES = YES;
				CLANG_ENABLE_OBJC_ARC = YES;
				CLANG_WARN_BOOL_CONVERSION = YES;
				CLANG_WARN_CONSTANT_CONVERSION = YES;
				CLANG_WARN_DIRECT_OBJC_ISA_USAGE = YES_ERROR;
				CLANG_WARN_EMPTY_BODY = YES;
				CLANG_WARN_ENUM_CONVERSION = YES;
				CLANG_WARN_INT_CONVERSION = YES;
				CLANG_WARN_OBJC_ROOT_CLASS = YES_ERROR;
				CLANG_WARN_UNREACHABLE_CODE = YES;
				CLANG_WARN__DUPLICATE_METHOD_MATCH = YES;
				"CODE_SIGN_IDENTITY[sdk=iphoneos*]" = "iPhone Developer";
				COPY_PHASE_STRIP = NO;
				DEBUG_INFORMATION_FORMAT = "dwarf-with-dsym";
				ENABLE_NS_ASSERTIONS = NO;
				ENABLE_STRICT_OBJC_MSGSEND = YES;
				GCC_C_LANGUAGE_STANDARD = gnu99;
				GCC_NO_COMMON_BLOCKS = YES;
				GCC_WARN_64_TO_32_BIT_CONVERSION = YES;
				GCC_WARN_ABOUT_RETURN_TYPE = YES_ERROR;
				GCC_WARN_UNDECLARED_SELECTOR = YES;
				GCC_WARN_UNINITIALIZED_AUTOS = YES_AGGRESSIVE;
				GCC_WARN_UNUSED_FUNCTION = YES;
				GCC_WARN_UNUSED_VARIABLE = YES;
				IPHONEOS_DEPLOYMENT_TARGET = 9.3;
				MTL_ENABLE_DEBUG_INFO = NO;
				SDKROOT = iphoneos;
				VALIDATE_PRODUCT = YES;
			};
			name = Release;
		};
		12C7352D1CE4A42E008977CC /* Debug */ = {
			isa = XCBuildConfiguration;
			buildSettings = {
				ASSETCATALOG_COMPILER_APPICON_NAME = AppIcon;
				INFOPLIST_FILE = gitTest2/Info.plist;
				LD_RUNPATH_SEARCH_PATHS = "$(inherited) @executable_path/Frameworks";
				PRODUCT_BUNDLE_IDENTIFIER = SL.cn.gitTest2;
				PRODUCT_NAME = "$(TARGET_NAME)";
			};
			name = Debug;
		};
		12C7352E1CE4A42E008977CC /* Release */ = {
			isa = XCBuildConfiguration;
			buildSettings = {
				ASSETCATALOG_COMPILER_APPICON_NAME = AppIcon;
				INFOPLIST_FILE = gitTest2/Info.plist;
				LD_RUNPATH_SEARCH_PATHS = "$(inherited) @executable_path/Frameworks";
				PRODUCT_BUNDLE_IDENTIFIER = SL.cn.gitTest2;
				PRODUCT_NAME = "$(TARGET_NAME)";
			};
			name = Release;
		};
		12C735301CE4A42E008977CC /* Debug */ = {
			isa = XCBuildConfiguration;
			buildSettings = {
				BUNDLE_LOADER = "$(TEST_HOST)";
				INFOPLIST_FILE = gitTest2Tests/Info.plist;
				LD_RUNPATH_SEARCH_PATHS = "$(inherited) @executable_path/Frameworks @loader_path/Frameworks";
				PRODUCT_BUNDLE_IDENTIFIER = SL.cn.gitTest2Tests;
				PRODUCT_NAME = "$(TARGET_NAME)";
				TEST_HOST = "$(BUILT_PRODUCTS_DIR)/gitTest2.app/gitTest2";
			};
			name = Debug;
		};
		12C735311CE4A42E008977CC /* Release */ = {
			isa = XCBuildConfiguration;
			buildSettings = {
				BUNDLE_LOADER = "$(TEST_HOST)";
				INFOPLIST_FILE = gitTest2Tests/Info.plist;
				LD_RUNPATH_SEARCH_PATHS = "$(inherited) @executable_path/Frameworks @loader_path/Frameworks";
				PRODUCT_BUNDLE_IDENTIFIER = SL.cn.gitTest2Tests;
				PRODUCT_NAME = "$(TARGET_NAME)";
				TEST_HOST = "$(BUILT_PRODUCTS_DIR)/gitTest2.app/gitTest2";
			};
			name = Release;
		};
		12C735331CE4A42E008977CC /* Debug */ = {
			isa = XCBuildConfiguration;
			buildSettings = {
				INFOPLIST_FILE = gitTest2UITests/Info.plist;
				LD_RUNPATH_SEARCH_PATHS = "$(inherited) @executable_path/Frameworks @loader_path/Frameworks";
				PRODUCT_BUNDLE_IDENTIFIER = SL.cn.gitTest2UITests;
				PRODUCT_NAME = "$(TARGET_NAME)";
				TEST_TARGET_NAME = gitTest2;
			};
			name = Debug;
		};
		12C735341CE4A42E008977CC /* Release */ = {
			isa = XCBuildConfiguration;
			buildSettings = {
				INFOPLIST_FILE = gitTest2UITests/Info.plist;
				LD_RUNPATH_SEARCH_PATHS = "$(inherited) @executable_path/Frameworks @loader_path/Frameworks";
				PRODUCT_BUNDLE_IDENTIFIER = SL.cn.gitTest2UITests;
				PRODUCT_NAME = "$(TARGET_NAME)";
				TEST_TARGET_NAME = gitTest2;
			};
			name = Release;
		};
/* End XCBuildConfiguration section */

/* Begin XCConfigurationList section */
		12C734FA1CE4A42E008977CC /* Build configuration list for PBXProject "gitTest2" */ = {
			isa = XCConfigurationList;
			buildConfigurations = (
				12C7352A1CE4A42E008977CC /* Debug */,
				12C7352B1CE4A42E008977CC /* Release */,
			);
			defaultConfigurationIsVisible = 0;
			defaultConfigurationName = Release;
		};
		12C7352C1CE4A42E008977CC /* Build configuration list for PBXNativeTarget "gitTest2" */ = {
			isa = XCConfigurationList;
			buildConfigurations = (
				12C7352D1CE4A42E008977CC /* Debug */,
				12C7352E1CE4A42E008977CC /* Release */,
			);
			defaultConfigurationIsVisible = 0;
		};
		12C7352F1CE4A42E008977CC /* Build configuration list for PBXNativeTarget "gitTest2Tests" */ = {
			isa = XCConfigurationList;
			buildConfigurations = (
				12C735301CE4A42E008977CC /* Debug */,
				12C735311CE4A42E008977CC /* Release */,
			);
			defaultConfigurationIsVisible = 0;
		};
		12C735321CE4A42E008977CC /* Build configuration list for PBXNativeTarget "gitTest2UITests" */ = {
			isa = XCConfigurationList;
			buildConfigurations = (
				12C735331CE4A42E008977CC /* Debug */,
				12C735341CE4A42E008977CC /* Release */,
			);
			defaultConfigurationIsVisible = 0;
		};
/* End XCConfigurationList section */
	};
	rootObject = 12C734F71CE4A42E008977CC /* Project object */;
}
